
Microsoft Visual Studio Solution File, Format Version 12.00
# Visual Studio Version 17
VisualStudioVersion = 17.3.32929.385
MinimumVisualStudioVersion = 15.0.26124.0
Project("{9A19103F-16F7-4668-BE54-9A1E7A4F7556}") = "IdentityAPI", "IdentityAPI\IdentityAPI.csproj", "{B3396315-796F-4A0D-BE89-A83DEFAB3650}"
EndProject
Project("{9A19103F-16F7-4668-BE54-9A1E7A4F7556}") = "BasketAPI", "BasketAPI\BasketAPI.csproj", "{DA6217BF-6303-4D15-AE70-CA44AB528F2F}"
EndProject
Project("{9A19103F-16F7-4668-BE54-9A1E7A4F7556}") = "BaseAPI", "BaseAPI\BaseAPI.csproj", "{F500357F-25E9-496D-94BA-7DC8743B55DD}"
EndProject
Project("{9A19103F-16F7-4668-BE54-9A1E7A4F7556}") = "AdminAPI", "AdminAPI\AdminAPI.csproj", "{4D7BB638-A433-4D7E-A448-BB4746A677BC}"
EndProject
Project("{9A19103F-16F7-4668-BE54-9A1E7A4F7556}") = "WebApi.Db.Identity", "WebApi.Db.Identity\WebApi.Db.Identity.csproj", "{FDCEC235-7CAA-4F94-83B6-F1413E923904}"
EndProject
Project("{9A19103F-16F7-4668-BE54-9A1E7A4F7556}") = "WebApi.Db.Store", "WebApi.Db.Store\WebApi.Db.Store.csproj", "{749E5D4F-75BD-48D1-A8A8-D54F27657E55}"
EndProject
Project("{9A19103F-16F7-4668-BE54-9A1E7A4F7556}") = "WebApi.Domain", "WebApi.Domain\WebApi.Domain.csproj", "{217DA835-1A92-4A4C-B8B8-3E98AEAD8847}"
EndProject
Project("{9A19103F-16F7-4668-BE54-9A1E7A4F7556}") = "WebApi.Infrastructure", "WebApi.Infrastructure\WebApi.Infrastructure.csproj", "{2461011F-3344-42F7-B638-0E74EFC62713}"
EndProject
Project("{FAE04EC0-301F-11D3-BF4B-00C04F79EFBC}") = "IdentityAPIv3", "IdentityAPIv3\IdentityAPIv3.csproj", "{42DFF321-5FDE-478D-B98D-8DEF27D8A484}"
EndProject
Global
	GlobalSection(SolutionConfigurationPlatforms) = preSolution
		Debug|Any CPU = Debug|Any CPU
		Debug|x64 = Debug|x64
		Debug|x86 = Debug|x86
		NoVariablesDefault|Any CPU = NoVariablesDefault|Any CPU
		NoVariablesDefault|x64 = NoVariablesDefault|x64
		NoVariablesDefault|x86 = NoVariablesDefault|x86
		Release|Any CPU = Release|Any CPU
		Release|x64 = Release|x64
		Release|x86 = Release|x86
	EndGlobalSection
	GlobalSection(ProjectConfigurationPlatforms) = postSolution
		{B3396315-796F-4A0D-BE89-A83DEFAB3650}.Debug|Any CPU.ActiveCfg = Debug|Any CPU
		{B3396315-796F-4A0D-BE89-A83DEFAB3650}.Debug|Any CPU.Build.0 = Debug|Any CPU
		{B3396315-796F-4A0D-BE89-A83DEFAB3650}.Debug|x64.ActiveCfg = Debug|Any CPU
		{B3396315-796F-4A0D-BE89-A83DEFAB3650}.Debug|x64.Build.0 = Debug|Any CPU
		{B3396315-796F-4A0D-BE89-A83DEFAB3650}.Debug|x86.ActiveCfg = Debug|Any CPU
		{B3396315-796F-4A0D-BE89-A83DEFAB3650}.Debug|x86.Build.0 = Debug|Any CPU
		{B3396315-796F-4A0D-BE89-A83DEFAB3650}.NoVariablesDefault|Any CPU.ActiveCfg = Debug|Any CPU
		{B3396315-796F-4A0D-BE89-A83DEFAB3650}.NoVariablesDefault|Any CPU.Build.0 = Debug|Any CPU
		{B3396315-796F-4A0D-BE89-A83DEFAB3650}.NoVariablesDefault|x64.ActiveCfg = Debug|Any CPU
		{B3396315-796F-4A0D-BE89-A83DEFAB3650}.NoVariablesDefault|x64.Build.0 = Debug|Any CPU
		{B3396315-796F-4A0D-BE89-A83DEFAB3650}.NoVariablesDefault|x86.ActiveCfg = Debug|Any CPU
		{B3396315-796F-4A0D-BE89-A83DEFAB3650}.NoVariablesDefault|x86.Build.0 = Debug|Any CPU
		{B3396315-796F-4A0D-BE89-A83DEFAB3650}.Release|Any CPU.ActiveCfg = Release|Any CPU
		{B3396315-796F-4A0D-BE89-A83DEFAB3650}.Release|Any CPU.Build.0 = Release|Any CPU
		{B3396315-796F-4A0D-BE89-A83DEFAB3650}.Release|x64.ActiveCfg = Release|Any CPU
		{B3396315-796F-4A0D-BE89-A83DEFAB3650}.Release|x64.Build.0 = Release|Any CPU
		{B3396315-796F-4A0D-BE89-A83DEFAB3650}.Release|x86.ActiveCfg = Release|Any CPU
		{B3396315-796F-4A0D-BE89-A83DEFAB3650}.Release|x86.Build.0 = Release|Any CPU
		{DA6217BF-6303-4D15-AE70-CA44AB528F2F}.Debug|Any CPU.ActiveCfg = Debug|Any CPU
		{DA6217BF-6303-4D15-AE70-CA44AB528F2F}.Debug|Any CPU.Build.0 = Debug|Any CPU
		{DA6217BF-6303-4D15-AE70-CA44AB528F2F}.Debug|x64.ActiveCfg = Debug|Any CPU
		{DA6217BF-6303-4D15-AE70-CA44AB528F2F}.Debug|x64.Build.0 = Debug|Any CPU
		{DA6217BF-6303-4D15-AE70-CA44AB528F2F}.Debug|x86.ActiveCfg = Debug|Any CPU
		{DA6217BF-6303-4D15-AE70-CA44AB528F2F}.Debug|x86.Build.0 = Debug|Any CPU
		{DA6217BF-6303-4D15-AE70-CA44AB528F2F}.NoVariablesDefault|Any CPU.ActiveCfg = Debug|Any CPU
		{DA6217BF-6303-4D15-AE70-CA44AB528F2F}.NoVariablesDefault|Any CPU.Build.0 = Debug|Any CPU
		{DA6217BF-6303-4D15-AE70-CA44AB528F2F}.NoVariablesDefault|x64.ActiveCfg = Debug|Any CPU
		{DA6217BF-6303-4D15-AE70-CA44AB528F2F}.NoVariablesDefault|x64.Build.0 = Debug|Any CPU
		{DA6217BF-6303-4D15-AE70-CA44AB528F2F}.NoVariablesDefault|x86.ActiveCfg = Debug|Any CPU
		{DA6217BF-6303-4D15-AE70-CA44AB528F2F}.NoVariablesDefault|x86.Build.0 = Debug|Any CPU
		{DA6217BF-6303-4D15-AE70-CA44AB528F2F}.Release|Any CPU.ActiveCfg = Release|Any CPU
		{DA6217BF-6303-4D15-AE70-CA44AB528F2F}.Release|Any CPU.Build.0 = Release|Any CPU
		{DA6217BF-6303-4D15-AE70-CA44AB528F2F}.Release|x64.ActiveCfg = Release|Any CPU
		{DA6217BF-6303-4D15-AE70-CA44AB528F2F}.Release|x64.Build.0 = Release|Any CPU
		{DA6217BF-6303-4D15-AE70-CA44AB528F2F}.Release|x86.ActiveCfg = Release|Any CPU
		{DA6217BF-6303-4D15-AE70-CA44AB528F2F}.Release|x86.Build.0 = Release|Any CPU
		{F500357F-25E9-496D-94BA-7DC8743B55DD}.Debug|Any CPU.ActiveCfg = Debug|Any CPU
		{F500357F-25E9-496D-94BA-7DC8743B55DD}.Debug|Any CPU.Build.0 = Debug|Any CPU
		{F500357F-25E9-496D-94BA-7DC8743B55DD}.Debug|x64.ActiveCfg = Debug|Any CPU
		{F500357F-25E9-496D-94BA-7DC8743B55DD}.Debug|x64.Build.0 = Debug|Any CPU
		{F500357F-25E9-496D-94BA-7DC8743B55DD}.Debug|x86.ActiveCfg = Debug|Any CPU
		{F500357F-25E9-496D-94BA-7DC8743B55DD}.Debug|x86.Build.0 = Debug|Any CPU
		{F500357F-25E9-496D-94BA-7DC8743B55DD}.NoVariablesDefault|Any CPU.ActiveCfg = Debug|Any CPU
		{F500357F-25E9-496D-94BA-7DC8743B55DD}.NoVariablesDefault|Any CPU.Build.0 = Debug|Any CPU
		{F500357F-25E9-496D-94BA-7DC8743B55DD}.NoVariablesDefault|x64.ActiveCfg = Debug|Any CPU
		{F500357F-25E9-496D-94BA-7DC8743B55DD}.NoVariablesDefault|x64.Build.0 = Debug|Any CPU
		{F500357F-25E9-496D-94BA-7DC8743B55DD}.NoVariablesDefault|x86.ActiveCfg = Debug|Any CPU
		{F500357F-25E9-496D-94BA-7DC8743B55DD}.NoVariablesDefault|x86.Build.0 = Debug|Any CPU
		{F500357F-25E9-496D-94BA-7DC8743B55DD}.Release|Any CPU.ActiveCfg = Release|Any CPU
		{F500357F-25E9-496D-94BA-7DC8743B55DD}.Release|Any CPU.Build.0 = Release|Any CPU
		{F500357F-25E9-496D-94BA-7DC8743B55DD}.Release|x64.ActiveCfg = Release|Any CPU
		{F500357F-25E9-496D-94BA-7DC8743B55DD}.Release|x64.Build.0 = Release|Any CPU
		{F500357F-25E9-496D-94BA-7DC8743B55DD}.Release|x86.ActiveCfg = Release|Any CPU
		{F500357F-25E9-496D-94BA-7DC8743B55DD}.Release|x86.Build.0 = Release|Any CPU
		{4D7BB638-A433-4D7E-A448-BB4746A677BC}.Debug|Any CPU.ActiveCfg = Debug|Any CPU
		{4D7BB638-A433-4D7E-A448-BB4746A677BC}.Debug|Any CPU.Build.0 = Debug|Any CPU
		{4D7BB638-A433-4D7E-A448-BB4746A677BC}.Debug|x64.ActiveCfg = Debug|Any CPU
		{4D7BB638-A433-4D7E-A448-BB4746A677BC}.Debug|x64.Build.0 = Debug|Any CPU
		{4D7BB638-A433-4D7E-A448-BB4746A677BC}.Debug|x86.ActiveCfg = Debug|Any CPU
		{4D7BB638-A433-4D7E-A448-BB4746A677BC}.Debug|x86.Build.0 = Debug|Any CPU
		{4D7BB638-A433-4D7E-A448-BB4746A677BC}.NoVariablesDefault|Any CPU.ActiveCfg = Debug|Any CPU
		{4D7BB638-A433-4D7E-A448-BB4746A677BC}.NoVariablesDefault|Any CPU.Build.0 = Debug|Any CPU
		{4D7BB638-A433-4D7E-A448-BB4746A677BC}.NoVariablesDefault|x64.ActiveCfg = Debug|Any CPU
		{4D7BB638-A433-4D7E-A448-BB4746A677BC}.NoVariablesDefault|x64.Build.0 = Debug|Any CPU
		{4D7BB638-A433-4D7E-A448-BB4746A677BC}.NoVariablesDefault|x86.ActiveCfg = Debug|Any CPU
		{4D7BB638-A433-4D7E-A448-BB4746A677BC}.NoVariablesDefault|x86.Build.0 = Debug|Any CPU
		{4D7BB638-A433-4D7E-A448-BB4746A677BC}.Release|Any CPU.ActiveCfg = Release|Any CPU
		{4D7BB638-A433-4D7E-A448-BB4746A677BC}.Release|Any CPU.Build.0 = Release|Any CPU
		{4D7BB638-A433-4D7E-A448-BB4746A677BC}.Release|x64.ActiveCfg = Release|Any CPU
		{4D7BB638-A433-4D7E-A448-BB4746A677BC}.Release|x64.Build.0 = Release|Any CPU
		{4D7BB638-A433-4D7E-A448-BB4746A677BC}.Release|x86.ActiveCfg = Release|Any CPU
		{4D7BB638-A433-4D7E-A448-BB4746A677BC}.Release|x86.Build.0 = Release|Any CPU
		{FDCEC235-7CAA-4F94-83B6-F1413E923904}.Debug|Any CPU.ActiveCfg = Debug|Any CPU
		{FDCEC235-7CAA-4F94-83B6-F1413E923904}.Debug|Any CPU.Build.0 = Debug|Any CPU
		{FDCEC235-7CAA-4F94-83B6-F1413E923904}.Debug|x64.ActiveCfg = Debug|Any CPU
		{FDCEC235-7CAA-4F94-83B6-F1413E923904}.Debug|x64.Build.0 = Debug|Any CPU
		{FDCEC235-7CAA-4F94-83B6-F1413E923904}.Debug|x86.ActiveCfg = Debug|Any CPU
		{FDCEC235-7CAA-4F94-83B6-F1413E923904}.Debug|x86.Build.0 = Debug|Any CPU
		{FDCEC235-7CAA-4F94-83B6-F1413E923904}.NoVariablesDefault|Any CPU.ActiveCfg = Debug|Any CPU
		{FDCEC235-7CAA-4F94-83B6-F1413E923904}.NoVariablesDefault|Any CPU.Build.0 = Debug|Any CPU
		{FDCEC235-7CAA-4F94-83B6-F1413E923904}.NoVariablesDefault|x64.ActiveCfg = Debug|Any CPU
		{FDCEC235-7CAA-4F94-83B6-F1413E923904}.NoVariablesDefault|x64.Build.0 = Debug|Any CPU
		{FDCEC235-7CAA-4F94-83B6-F1413E923904}.NoVariablesDefault|x86.ActiveCfg = Debug|Any CPU
		{FDCEC235-7CAA-4F94-83B6-F1413E923904}.NoVariablesDefault|x86.Build.0 = Debug|Any CPU
		{FDCEC235-7CAA-4F94-83B6-F1413E923904}.Release|Any CPU.ActiveCfg = Release|Any CPU
		{FDCEC235-7CAA-4F94-83B6-F1413E923904}.Release|Any CPU.Build.0 = Release|Any CPU
		{FDCEC235-7CAA-4F94-83B6-F1413E923904}.Release|x64.ActiveCfg = Release|Any CPU
		{FDCEC235-7CAA-4F94-83B6-F1413E923904}.Release|x64.Build.0 = Release|Any CPU
		{FDCEC235-7CAA-4F94-83B6-F1413E923904}.Release|x86.ActiveCfg = Release|Any CPU
		{FDCEC235-7CAA-4F94-83B6-F1413E923904}.Release|x86.Build.0 = Release|Any CPU
		{749E5D4F-75BD-48D1-A8A8-D54F27657E55}.Debug|Any CPU.ActiveCfg = Debug|Any CPU
		{749E5D4F-75BD-48D1-A8A8-D54F27657E55}.Debug|Any CPU.Build.0 = Debug|Any CPU
		{749E5D4F-75BD-48D1-A8A8-D54F27657E55}.Debug|x64.ActiveCfg = Debug|Any CPU
		{749E5D4F-75BD-48D1-A8A8-D54F27657E55}.Debug|x64.Build.0 = Debug|Any CPU
		{749E5D4F-75BD-48D1-A8A8-D54F27657E55}.Debug|x86.ActiveCfg = Debug|Any CPU
		{749E5D4F-75BD-48D1-A8A8-D54F27657E55}.Debug|x86.Build.0 = Debug|Any CPU
		{749E5D4F-75BD-48D1-A8A8-D54F27657E55}.NoVariablesDefault|Any CPU.ActiveCfg = Debug|Any CPU
		{749E5D4F-75BD-48D1-A8A8-D54F27657E55}.NoVariablesDefault|Any CPU.Build.0 = Debug|Any CPU
		{749E5D4F-75BD-48D1-A8A8-D54F27657E55}.NoVariablesDefault|x64.ActiveCfg = Debug|Any CPU
		{749E5D4F-75BD-48D1-A8A8-D54F27657E55}.NoVariablesDefault|x64.Build.0 = Debug|Any CPU
		{749E5D4F-75BD-48D1-A8A8-D54F27657E55}.NoVariablesDefault|x86.ActiveCfg = Debug|Any CPU
		{749E5D4F-75BD-48D1-A8A8-D54F27657E55}.NoVariablesDefault|x86.Build.0 = Debug|Any CPU
		{749E5D4F-75BD-48D1-A8A8-D54F27657E55}.Release|Any CPU.ActiveCfg = Release|Any CPU
		{749E5D4F-75BD-48D1-A8A8-D54F27657E55}.Release|Any CPU.Build.0 = Release|Any CPU
		{749E5D4F-75BD-48D1-A8A8-D54F27657E55}.Release|x64.ActiveCfg = Release|Any CPU
		{749E5D4F-75BD-48D1-A8A8-D54F27657E55}.Release|x64.Build.0 = Release|Any CPU
		{749E5D4F-75BD-48D1-A8A8-D54F27657E55}.Release|x86.ActiveCfg = Release|Any CPU
		{749E5D4F-75BD-48D1-A8A8-D54F27657E55}.Release|x86.Build.0 = Release|Any CPU
		{217DA835-1A92-4A4C-B8B8-3E98AEAD8847}.Debug|Any CPU.ActiveCfg = Debug|Any CPU
		{217DA835-1A92-4A4C-B8B8-3E98AEAD8847}.Debug|Any CPU.Build.0 = Debug|Any CPU
		{217DA835-1A92-4A4C-B8B8-3E98AEAD8847}.Debug|x64.ActiveCfg = Debug|Any CPU
		{217DA835-1A92-4A4C-B8B8-3E98AEAD8847}.Debug|x64.Build.0 = Debug|Any CPU
		{217DA835-1A92-4A4C-B8B8-3E98AEAD8847}.Debug|x86.ActiveCfg = Debug|Any CPU
		{217DA835-1A92-4A4C-B8B8-3E98AEAD8847}.Debug|x86.Build.0 = Debug|Any CPU
		{217DA835-1A92-4A4C-B8B8-3E98AEAD8847}.NoVariablesDefault|Any CPU.ActiveCfg = Debug|Any CPU
		{217DA835-1A92-4A4C-B8B8-3E98AEAD8847}.NoVariablesDefault|Any CPU.Build.0 = Debug|Any CPU
		{217DA835-1A92-4A4C-B8B8-3E98AEAD8847}.NoVariablesDefault|x64.ActiveCfg = Debug|Any CPU
		{217DA835-1A92-4A4C-B8B8-3E98AEAD8847}.NoVariablesDefault|x64.Build.0 = Debug|Any CPU
		{217DA835-1A92-4A4C-B8B8-3E98AEAD8847}.NoVariablesDefault|x86.ActiveCfg = Debug|Any CPU
		{217DA835-1A92-4A4C-B8B8-3E98AEAD8847}.NoVariablesDefault|x86.Build.0 = Debug|Any CPU
		{217DA835-1A92-4A4C-B8B8-3E98AEAD8847}.Release|Any CPU.ActiveCfg = Release|Any CPU
		{217DA835-1A92-4A4C-B8B8-3E98AEAD8847}.Release|Any CPU.Build.0 = Release|Any CPU
		{217DA835-1A92-4A4C-B8B8-3E98AEAD8847}.Release|x64.ActiveCfg = Release|Any CPU
		{217DA835-1A92-4A4C-B8B8-3E98AEAD8847}.Release|x64.Build.0 = Release|Any CPU
		{217DA835-1A92-4A4C-B8B8-3E98AEAD8847}.Release|x86.ActiveCfg = Release|Any CPU
		{217DA835-1A92-4A4C-B8B8-3E98AEAD8847}.Release|x86.Build.0 = Release|Any CPU
		{2461011F-3344-42F7-B638-0E74EFC62713}.Debug|Any CPU.ActiveCfg = Debug|Any CPU
		{2461011F-3344-42F7-B638-0E74EFC62713}.Debug|Any CPU.Build.0 = Debug|Any CPU
		{2461011F-3344-42F7-B638-0E74EFC62713}.Debug|x64.ActiveCfg = Debug|Any CPU
		{2461011F-3344-42F7-B638-0E74EFC62713}.Debug|x64.Build.0 = Debug|Any CPU
		{2461011F-3344-42F7-B638-0E74EFC62713}.Debug|x86.ActiveCfg = Debug|Any CPU
		{2461011F-3344-42F7-B638-0E74EFC62713}.Debug|x86.Build.0 = Debug|Any CPU
		{2461011F-3344-42F7-B638-0E74EFC62713}.NoVariablesDefault|Any CPU.ActiveCfg = Debug|Any CPU
		{2461011F-3344-42F7-B638-0E74EFC62713}.NoVariablesDefault|Any CPU.Build.0 = Debug|Any CPU
		{2461011F-3344-42F7-B638-0E74EFC62713}.NoVariablesDefault|x64.ActiveCfg = Debug|Any CPU
		{2461011F-3344-42F7-B638-0E74EFC62713}.NoVariablesDefault|x64.Build.0 = Debug|Any CPU
		{2461011F-3344-42F7-B638-0E74EFC62713}.NoVariablesDefault|x86.ActiveCfg = Debug|Any CPU
		{2461011F-3344-42F7-B638-0E74EFC62713}.NoVariablesDefault|x86.Build.0 = Debug|Any CPU
		{2461011F-3344-42F7-B638-0E74EFC62713}.Release|Any CPU.ActiveCfg = Release|Any CPU
		{2461011F-3344-42F7-B638-0E74EFC62713}.Release|Any CPU.Build.0 = Release|Any CPU
		{2461011F-3344-42F7-B638-0E74EFC62713}.Release|x64.ActiveCfg = Release|Any CPU
		{2461011F-3344-42F7-B638-0E74EFC62713}.Release|x64.Build.0 = Release|Any CPU
		{2461011F-3344-42F7-B638-0E74EFC62713}.Release|x86.ActiveCfg = Release|Any CPU
		{2461011F-3344-42F7-B638-0E74EFC62713}.Release|x86.Build.0 = Release|Any CPU
		{42DFF321-5FDE-478D-B98D-8DEF27D8A484}.Debug|Any CPU.ActiveCfg = Debug|Any CPU
		{42DFF321-5FDE-478D-B98D-8DEF27D8A484}.Debug|Any CPU.Build.0 = Debug|Any CPU
		{42DFF321-5FDE-478D-B98D-8DEF27D8A484}.Debug|x64.ActiveCfg = Debug|Any CPU
		{42DFF321-5FDE-478D-B98D-8DEF27D8A484}.Debug|x64.Build.0 = Debug|Any CPU
		{42DFF321-5FDE-478D-B98D-8DEF27D8A484}.Debug|x86.ActiveCfg = Debug|Any CPU
		{42DFF321-5FDE-478D-B98D-8DEF27D8A484}.Debug|x86.Build.0 = Debug|Any CPU
		{42DFF321-5FDE-478D-B98D-8DEF27D8A484}.NoVariablesDefault|Any CPU.ActiveCfg = Debug|Any CPU
		{42DFF321-5FDE-478D-B98D-8DEF27D8A484}.NoVariablesDefault|Any CPU.Build.0 = Debug|Any CPU
		{42DFF321-5FDE-478D-B98D-8DEF27D8A484}.NoVariablesDefault|x64.ActiveCfg = Debug|Any CPU
		{42DFF321-5FDE-478D-B98D-8DEF27D8A484}.NoVariablesDefault|x64.Build.0 = Debug|Any CPU
		{42DFF321-5FDE-478D-B98D-8DEF27D8A484}.NoVariablesDefault|x86.ActiveCfg = Debug|Any CPU
		{42DFF321-5FDE-478D-B98D-8DEF27D8A484}.NoVariablesDefault|x86.Build.0 = Debug|Any CPU
		{42DFF321-5FDE-478D-B98D-8DEF27D8A484}.Release|Any CPU.ActiveCfg = Release|Any CPU
		{42DFF321-5FDE-478D-B98D-8DEF27D8A484}.Release|Any CPU.Build.0 = Release|Any CPU
		{42DFF321-5FDE-478D-B98D-8DEF27D8A484}.Release|x64.ActiveCfg = Release|Any CPU
		{42DFF321-5FDE-478D-B98D-8DEF27D8A484}.Release|x64.Build.0 = Release|Any CPU
		{42DFF321-5FDE-478D-B98D-8DEF27D8A484}.Release|x86.ActiveCfg = Release|Any CPU
		{42DFF321-5FDE-478D-B98D-8DEF27D8A484}.Release|x86.Build.0 = Release|Any CPU
	EndGlobalSection
	GlobalSection(SolutionProperties) = preSolution
		HideSolutionNode = FALSE
	EndGlobalSection
	GlobalSection(ExtensibilityGlobals) = postSolution
		SolutionGuid = {B9718056-B04A-4CE8-AF0D-EAF9D5BFF39C}
	EndGlobalSection
EndGlobal
