
Microsoft Visual Studio Solution File, Format Version 12.00
# Visual Studio Version 16
VisualStudioVersion = 16.0.29911.84
MinimumVisualStudioVersion = 10.0.40219.1
Project("{9A19103F-16F7-4668-BE54-9A1E7A4F7556}") = "API.Application", "FoodApi\API.Application.csproj", "{5E12091F-BA00-4207-8DA4-6AD3E573A922}"
EndProject
Project("{9A19103F-16F7-4668-BE54-9A1E7A4F7556}") = "Domain", "Domain\Domain.csproj", "{F4932FE1-C17F-4027-A61F-109B007D14B9}"
EndProject
Project("{9A19103F-16F7-4668-BE54-9A1E7A4F7556}") = "Infrastructure", "Infrastructure\Infrastructure.csproj", "{10B496B5-DC77-4B96-8E19-CEDADAA41192}"
EndProject
Global
	GlobalSection(SolutionConfigurationPlatforms) = preSolution
		Debug|Any CPU = Debug|Any CPU
		Release|Any CPU = Release|Any CPU
	EndGlobalSection
	GlobalSection(ProjectConfigurationPlatforms) = postSolution
		{5E12091F-BA00-4207-8DA4-6AD3E573A922}.Debug|Any CPU.ActiveCfg = Debug|Any CPU
		{5E12091F-BA00-4207-8DA4-6AD3E573A922}.Debug|Any CPU.Build.0 = Debug|Any CPU
		{5E12091F-BA00-4207-8DA4-6AD3E573A922}.Release|Any CPU.ActiveCfg = Release|Any CPU
		{5E12091F-BA00-4207-8DA4-6AD3E573A922}.Release|Any CPU.Build.0 = Release|Any CPU
		{F4932FE1-C17F-4027-A61F-109B007D14B9}.Debug|Any CPU.ActiveCfg = Debug|Any CPU
		{F4932FE1-C17F-4027-A61F-109B007D14B9}.Debug|Any CPU.Build.0 = Debug|Any CPU
		{F4932FE1-C17F-4027-A61F-109B007D14B9}.Release|Any CPU.ActiveCfg = Release|Any CPU
		{F4932FE1-C17F-4027-A61F-109B007D14B9}.Release|Any CPU.Build.0 = Release|Any CPU
		{10B496B5-DC77-4B96-8E19-CEDADAA41192}.Debug|Any CPU.ActiveCfg = Debug|Any CPU
		{10B496B5-DC77-4B96-8E19-CEDADAA41192}.Debug|Any CPU.Build.0 = Debug|Any CPU
		{10B496B5-DC77-4B96-8E19-CEDADAA41192}.Release|Any CPU.ActiveCfg = Release|Any CPU
		{10B496B5-DC77-4B96-8E19-CEDADAA41192}.Release|Any CPU.Build.0 = Release|Any CPU
	EndGlobalSection
	GlobalSection(SolutionProperties) = preSolution
		HideSolutionNode = FALSE
	EndGlobalSection
	GlobalSection(ExtensibilityGlobals) = postSolution
		SolutionGuid = {29255A1E-4BB7-4A55-9343-C6D11BB8E035}
	EndGlobalSection
EndGlobal
