
Microsoft Visual Studio Solution File, Format Version 12.00
# Visual Studio Version 17
VisualStudioVersion = 17.3.32929.385
MinimumVisualStudioVersion = 15.0.26124.0
Project("{9A19103F-16F7-4668-BE54-9A1E7A4F7556}") = "WebApi.Db.Identity", "WebApi.Db.Identity\WebApi.Db.Identity.csproj", "{FDCEC235-7CAA-4F94-83B6-F1413E923904}"
EndProject
Project("{9A19103F-16F7-4668-BE54-9A1E7A4F7556}") = "WebApi.Db.Store", "WebApi.Db.Store\WebApi.Db.Store.csproj", "{749E5D4F-75BD-48D1-A8A8-D54F27657E55}"
EndProject
Project("{9A19103F-16F7-4668-BE54-9A1E7A4F7556}") = "WebApi.Domain", "WebApi.Domain\WebApi.Domain.csproj", "{217DA835-1A92-4A4C-B8B8-3E98AEAD8847}"
EndProject
Project("{9A19103F-16F7-4668-BE54-9A1E7A4F7556}") = "WebApi.Infrastructure", "WebApi.Infrastructure\WebApi.Infrastructure.csproj", "{2461011F-3344-42F7-B638-0E74EFC62713}"
EndProject
Project("{9A19103F-16F7-4668-BE54-9A1E7A4F7556}") = "API.Admin", "API.Admin\API.Admin.csproj", "{D9A3D835-118B-4D36-92E6-A6FE83C292C9}"
EndProject
Project("{9A19103F-16F7-4668-BE54-9A1E7A4F7556}") = "API.Base", "API.Base\API.Base.csproj", "{9CBA9DB1-93E8-47BC-BC1C-853955E717DE}"
EndProject
Project("{9A19103F-16F7-4668-BE54-9A1E7A4F7556}") = "API.Basket", "API.Basket\API.Basket.csproj", "{2051261E-4948-4F15-9AEF-776F8FBCB199}"
EndProject
Project("{9A19103F-16F7-4668-BE54-9A1E7A4F7556}") = "API.Identity", "API.Identity\API.Identity.csproj", "{38A83618-D202-4159-8A99-C6E034FFDF1C}"
EndProject
Project("{2150E333-8FDC-42A3-9474-1A3956D46DE8}") = "nginx", "nginx", "{85B51CA0-16A0-4753-A759-1E8B4C40E87D}"
	ProjectSection(SolutionItems) = preProject
		nginx\nginx.Dockerfile = nginx\nginx.Dockerfile
		nginx\nginx.local.conf = nginx\nginx.local.conf
	EndProjectSection
EndProject
Project("{E53339B2-1760-4266-BCC7-CA923CBCF16C}") = "docker-compose", "..\docker-compose.dcproj", "{131D7D04-28DA-40F7-9580-EB8A1E010E1B}"
EndProject
Global
	GlobalSection(SolutionConfigurationPlatforms) = preSolution
		Debug|Any CPU = Debug|Any CPU
		Debug|x64 = Debug|x64
		Debug|x86 = Debug|x86
		NoVariablesDefault|Any CPU = NoVariablesDefault|Any CPU
		NoVariablesDefault|x64 = NoVariablesDefault|x64
		NoVariablesDefault|x86 = NoVariablesDefault|x86
		Release|Any CPU = Release|Any CPU
		Release|x64 = Release|x64
		Release|x86 = Release|x86
	EndGlobalSection
	GlobalSection(ProjectConfigurationPlatforms) = postSolution
		{FDCEC235-7CAA-4F94-83B6-F1413E923904}.Debug|Any CPU.ActiveCfg = Debug|Any CPU
		{FDCEC235-7CAA-4F94-83B6-F1413E923904}.Debug|Any CPU.Build.0 = Debug|Any CPU
		{FDCEC235-7CAA-4F94-83B6-F1413E923904}.Debug|x64.ActiveCfg = Debug|Any CPU
		{FDCEC235-7CAA-4F94-83B6-F1413E923904}.Debug|x64.Build.0 = Debug|Any CPU
		{FDCEC235-7CAA-4F94-83B6-F1413E923904}.Debug|x86.ActiveCfg = Debug|Any CPU
		{FDCEC235-7CAA-4F94-83B6-F1413E923904}.Debug|x86.Build.0 = Debug|Any CPU
		{FDCEC235-7CAA-4F94-83B6-F1413E923904}.NoVariablesDefault|Any CPU.ActiveCfg = Debug|Any CPU
		{FDCEC235-7CAA-4F94-83B6-F1413E923904}.NoVariablesDefault|Any CPU.Build.0 = Debug|Any CPU
		{FDCEC235-7CAA-4F94-83B6-F1413E923904}.NoVariablesDefault|x64.ActiveCfg = Debug|Any CPU
		{FDCEC235-7CAA-4F94-83B6-F1413E923904}.NoVariablesDefault|x64.Build.0 = Debug|Any CPU
		{FDCEC235-7CAA-4F94-83B6-F1413E923904}.NoVariablesDefault|x86.ActiveCfg = Debug|Any CPU
		{FDCEC235-7CAA-4F94-83B6-F1413E923904}.NoVariablesDefault|x86.Build.0 = Debug|Any CPU
		{FDCEC235-7CAA-4F94-83B6-F1413E923904}.Release|Any CPU.ActiveCfg = Release|Any CPU
		{FDCEC235-7CAA-4F94-83B6-F1413E923904}.Release|Any CPU.Build.0 = Release|Any CPU
		{FDCEC235-7CAA-4F94-83B6-F1413E923904}.Release|x64.ActiveCfg = Release|Any CPU
		{FDCEC235-7CAA-4F94-83B6-F1413E923904}.Release|x64.Build.0 = Release|Any CPU
		{FDCEC235-7CAA-4F94-83B6-F1413E923904}.Release|x86.ActiveCfg = Release|Any CPU
		{FDCEC235-7CAA-4F94-83B6-F1413E923904}.Release|x86.Build.0 = Release|Any CPU
		{749E5D4F-75BD-48D1-A8A8-D54F27657E55}.Debug|Any CPU.ActiveCfg = Debug|Any CPU
		{749E5D4F-75BD-48D1-A8A8-D54F27657E55}.Debug|Any CPU.Build.0 = Debug|Any CPU
		{749E5D4F-75BD-48D1-A8A8-D54F27657E55}.Debug|x64.ActiveCfg = Debug|Any CPU
		{749E5D4F-75BD-48D1-A8A8-D54F27657E55}.Debug|x64.Build.0 = Debug|Any CPU
		{749E5D4F-75BD-48D1-A8A8-D54F27657E55}.Debug|x86.ActiveCfg = Debug|Any CPU
		{749E5D4F-75BD-48D1-A8A8-D54F27657E55}.Debug|x86.Build.0 = Debug|Any CPU
		{749E5D4F-75BD-48D1-A8A8-D54F27657E55}.NoVariablesDefault|Any CPU.ActiveCfg = Debug|Any CPU
		{749E5D4F-75BD-48D1-A8A8-D54F27657E55}.NoVariablesDefault|Any CPU.Build.0 = Debug|Any CPU
		{749E5D4F-75BD-48D1-A8A8-D54F27657E55}.NoVariablesDefault|x64.ActiveCfg = Debug|Any CPU
		{749E5D4F-75BD-48D1-A8A8-D54F27657E55}.NoVariablesDefault|x64.Build.0 = Debug|Any CPU
		{749E5D4F-75BD-48D1-A8A8-D54F27657E55}.NoVariablesDefault|x86.ActiveCfg = Debug|Any CPU
		{749E5D4F-75BD-48D1-A8A8-D54F27657E55}.NoVariablesDefault|x86.Build.0 = Debug|Any CPU
		{749E5D4F-75BD-48D1-A8A8-D54F27657E55}.Release|Any CPU.ActiveCfg = Release|Any CPU
		{749E5D4F-75BD-48D1-A8A8-D54F27657E55}.Release|Any CPU.Build.0 = Release|Any CPU
		{749E5D4F-75BD-48D1-A8A8-D54F27657E55}.Release|x64.ActiveCfg = Release|Any CPU
		{749E5D4F-75BD-48D1-A8A8-D54F27657E55}.Release|x64.Build.0 = Release|Any CPU
		{749E5D4F-75BD-48D1-A8A8-D54F27657E55}.Release|x86.ActiveCfg = Release|Any CPU
		{749E5D4F-75BD-48D1-A8A8-D54F27657E55}.Release|x86.Build.0 = Release|Any CPU
		{217DA835-1A92-4A4C-B8B8-3E98AEAD8847}.Debug|Any CPU.ActiveCfg = Debug|Any CPU
		{217DA835-1A92-4A4C-B8B8-3E98AEAD8847}.Debug|Any CPU.Build.0 = Debug|Any CPU
		{217DA835-1A92-4A4C-B8B8-3E98AEAD8847}.Debug|x64.ActiveCfg = Debug|Any CPU
		{217DA835-1A92-4A4C-B8B8-3E98AEAD8847}.Debug|x64.Build.0 = Debug|Any CPU
		{217DA835-1A92-4A4C-B8B8-3E98AEAD8847}.Debug|x86.ActiveCfg = Debug|Any CPU
		{217DA835-1A92-4A4C-B8B8-3E98AEAD8847}.Debug|x86.Build.0 = Debug|Any CPU
		{217DA835-1A92-4A4C-B8B8-3E98AEAD8847}.NoVariablesDefault|Any CPU.ActiveCfg = Debug|Any CPU
		{217DA835-1A92-4A4C-B8B8-3E98AEAD8847}.NoVariablesDefault|Any CPU.Build.0 = Debug|Any CPU
		{217DA835-1A92-4A4C-B8B8-3E98AEAD8847}.NoVariablesDefault|x64.ActiveCfg = Debug|Any CPU
		{217DA835-1A92-4A4C-B8B8-3E98AEAD8847}.NoVariablesDefault|x64.Build.0 = Debug|Any CPU
		{217DA835-1A92-4A4C-B8B8-3E98AEAD8847}.NoVariablesDefault|x86.ActiveCfg = Debug|Any CPU
		{217DA835-1A92-4A4C-B8B8-3E98AEAD8847}.NoVariablesDefault|x86.Build.0 = Debug|Any CPU
		{217DA835-1A92-4A4C-B8B8-3E98AEAD8847}.Release|Any CPU.ActiveCfg = Release|Any CPU
		{217DA835-1A92-4A4C-B8B8-3E98AEAD8847}.Release|Any CPU.Build.0 = Release|Any CPU
		{217DA835-1A92-4A4C-B8B8-3E98AEAD8847}.Release|x64.ActiveCfg = Release|Any CPU
		{217DA835-1A92-4A4C-B8B8-3E98AEAD8847}.Release|x64.Build.0 = Release|Any CPU
		{217DA835-1A92-4A4C-B8B8-3E98AEAD8847}.Release|x86.ActiveCfg = Release|Any CPU
		{217DA835-1A92-4A4C-B8B8-3E98AEAD8847}.Release|x86.Build.0 = Release|Any CPU
		{2461011F-3344-42F7-B638-0E74EFC62713}.Debug|Any CPU.ActiveCfg = Debug|Any CPU
		{2461011F-3344-42F7-B638-0E74EFC62713}.Debug|Any CPU.Build.0 = Debug|Any CPU
		{2461011F-3344-42F7-B638-0E74EFC62713}.Debug|x64.ActiveCfg = Debug|Any CPU
		{2461011F-3344-42F7-B638-0E74EFC62713}.Debug|x64.Build.0 = Debug|Any CPU
		{2461011F-3344-42F7-B638-0E74EFC62713}.Debug|x86.ActiveCfg = Debug|Any CPU
		{2461011F-3344-42F7-B638-0E74EFC62713}.Debug|x86.Build.0 = Debug|Any CPU
		{2461011F-3344-42F7-B638-0E74EFC62713}.NoVariablesDefault|Any CPU.ActiveCfg = Debug|Any CPU
		{2461011F-3344-42F7-B638-0E74EFC62713}.NoVariablesDefault|Any CPU.Build.0 = Debug|Any CPU
		{2461011F-3344-42F7-B638-0E74EFC62713}.NoVariablesDefault|x64.ActiveCfg = Debug|Any CPU
		{2461011F-3344-42F7-B638-0E74EFC62713}.NoVariablesDefault|x64.Build.0 = Debug|Any CPU
		{2461011F-3344-42F7-B638-0E74EFC62713}.NoVariablesDefault|x86.ActiveCfg = Debug|Any CPU
		{2461011F-3344-42F7-B638-0E74EFC62713}.NoVariablesDefault|x86.Build.0 = Debug|Any CPU
		{2461011F-3344-42F7-B638-0E74EFC62713}.Release|Any CPU.ActiveCfg = Release|Any CPU
		{2461011F-3344-42F7-B638-0E74EFC62713}.Release|Any CPU.Build.0 = Release|Any CPU
		{2461011F-3344-42F7-B638-0E74EFC62713}.Release|x64.ActiveCfg = Release|Any CPU
		{2461011F-3344-42F7-B638-0E74EFC62713}.Release|x64.Build.0 = Release|Any CPU
		{2461011F-3344-42F7-B638-0E74EFC62713}.Release|x86.ActiveCfg = Release|Any CPU
		{2461011F-3344-42F7-B638-0E74EFC62713}.Release|x86.Build.0 = Release|Any CPU
		{D9A3D835-118B-4D36-92E6-A6FE83C292C9}.Debug|Any CPU.ActiveCfg = Debug|Any CPU
		{D9A3D835-118B-4D36-92E6-A6FE83C292C9}.Debug|Any CPU.Build.0 = Debug|Any CPU
		{D9A3D835-118B-4D36-92E6-A6FE83C292C9}.Debug|x64.ActiveCfg = Debug|Any CPU
		{D9A3D835-118B-4D36-92E6-A6FE83C292C9}.Debug|x64.Build.0 = Debug|Any CPU
		{D9A3D835-118B-4D36-92E6-A6FE83C292C9}.Debug|x86.ActiveCfg = Debug|Any CPU
		{D9A3D835-118B-4D36-92E6-A6FE83C292C9}.Debug|x86.Build.0 = Debug|Any CPU
		{D9A3D835-118B-4D36-92E6-A6FE83C292C9}.NoVariablesDefault|Any CPU.ActiveCfg = Debug|Any CPU
		{D9A3D835-118B-4D36-92E6-A6FE83C292C9}.NoVariablesDefault|Any CPU.Build.0 = Debug|Any CPU
		{D9A3D835-118B-4D36-92E6-A6FE83C292C9}.NoVariablesDefault|x64.ActiveCfg = Debug|Any CPU
		{D9A3D835-118B-4D36-92E6-A6FE83C292C9}.NoVariablesDefault|x64.Build.0 = Debug|Any CPU
		{D9A3D835-118B-4D36-92E6-A6FE83C292C9}.NoVariablesDefault|x86.ActiveCfg = Debug|Any CPU
		{D9A3D835-118B-4D36-92E6-A6FE83C292C9}.NoVariablesDefault|x86.Build.0 = Debug|Any CPU
		{D9A3D835-118B-4D36-92E6-A6FE83C292C9}.Release|Any CPU.ActiveCfg = Release|Any CPU
		{D9A3D835-118B-4D36-92E6-A6FE83C292C9}.Release|Any CPU.Build.0 = Release|Any CPU
		{D9A3D835-118B-4D36-92E6-A6FE83C292C9}.Release|x64.ActiveCfg = Release|Any CPU
		{D9A3D835-118B-4D36-92E6-A6FE83C292C9}.Release|x64.Build.0 = Release|Any CPU
		{D9A3D835-118B-4D36-92E6-A6FE83C292C9}.Release|x86.ActiveCfg = Release|Any CPU
		{D9A3D835-118B-4D36-92E6-A6FE83C292C9}.Release|x86.Build.0 = Release|Any CPU
		{9CBA9DB1-93E8-47BC-BC1C-853955E717DE}.Debug|Any CPU.ActiveCfg = Debug|Any CPU
		{9CBA9DB1-93E8-47BC-BC1C-853955E717DE}.Debug|Any CPU.Build.0 = Debug|Any CPU
		{9CBA9DB1-93E8-47BC-BC1C-853955E717DE}.Debug|x64.ActiveCfg = Debug|Any CPU
		{9CBA9DB1-93E8-47BC-BC1C-853955E717DE}.Debug|x64.Build.0 = Debug|Any CPU
		{9CBA9DB1-93E8-47BC-BC1C-853955E717DE}.Debug|x86.ActiveCfg = Debug|Any CPU
		{9CBA9DB1-93E8-47BC-BC1C-853955E717DE}.Debug|x86.Build.0 = Debug|Any CPU
		{9CBA9DB1-93E8-47BC-BC1C-853955E717DE}.NoVariablesDefault|Any CPU.ActiveCfg = Debug|Any CPU
		{9CBA9DB1-93E8-47BC-BC1C-853955E717DE}.NoVariablesDefault|Any CPU.Build.0 = Debug|Any CPU
		{9CBA9DB1-93E8-47BC-BC1C-853955E717DE}.NoVariablesDefault|x64.ActiveCfg = Debug|Any CPU
		{9CBA9DB1-93E8-47BC-BC1C-853955E717DE}.NoVariablesDefault|x64.Build.0 = Debug|Any CPU
		{9CBA9DB1-93E8-47BC-BC1C-853955E717DE}.NoVariablesDefault|x86.ActiveCfg = Debug|Any CPU
		{9CBA9DB1-93E8-47BC-BC1C-853955E717DE}.NoVariablesDefault|x86.Build.0 = Debug|Any CPU
		{9CBA9DB1-93E8-47BC-BC1C-853955E717DE}.Release|Any CPU.ActiveCfg = Release|Any CPU
		{9CBA9DB1-93E8-47BC-BC1C-853955E717DE}.Release|Any CPU.Build.0 = Release|Any CPU
		{9CBA9DB1-93E8-47BC-BC1C-853955E717DE}.Release|x64.ActiveCfg = Release|Any CPU
		{9CBA9DB1-93E8-47BC-BC1C-853955E717DE}.Release|x64.Build.0 = Release|Any CPU
		{9CBA9DB1-93E8-47BC-BC1C-853955E717DE}.Release|x86.ActiveCfg = Release|Any CPU
		{9CBA9DB1-93E8-47BC-BC1C-853955E717DE}.Release|x86.Build.0 = Release|Any CPU
		{2051261E-4948-4F15-9AEF-776F8FBCB199}.Debug|Any CPU.ActiveCfg = Debug|Any CPU
		{2051261E-4948-4F15-9AEF-776F8FBCB199}.Debug|Any CPU.Build.0 = Debug|Any CPU
		{2051261E-4948-4F15-9AEF-776F8FBCB199}.Debug|x64.ActiveCfg = Debug|Any CPU
		{2051261E-4948-4F15-9AEF-776F8FBCB199}.Debug|x64.Build.0 = Debug|Any CPU
		{2051261E-4948-4F15-9AEF-776F8FBCB199}.Debug|x86.ActiveCfg = Debug|Any CPU
		{2051261E-4948-4F15-9AEF-776F8FBCB199}.Debug|x86.Build.0 = Debug|Any CPU
		{2051261E-4948-4F15-9AEF-776F8FBCB199}.NoVariablesDefault|Any CPU.ActiveCfg = Debug|Any CPU
		{2051261E-4948-4F15-9AEF-776F8FBCB199}.NoVariablesDefault|Any CPU.Build.0 = Debug|Any CPU
		{2051261E-4948-4F15-9AEF-776F8FBCB199}.NoVariablesDefault|x64.ActiveCfg = Debug|Any CPU
		{2051261E-4948-4F15-9AEF-776F8FBCB199}.NoVariablesDefault|x64.Build.0 = Debug|Any CPU
		{2051261E-4948-4F15-9AEF-776F8FBCB199}.NoVariablesDefault|x86.ActiveCfg = Debug|Any CPU
		{2051261E-4948-4F15-9AEF-776F8FBCB199}.NoVariablesDefault|x86.Build.0 = Debug|Any CPU
		{2051261E-4948-4F15-9AEF-776F8FBCB199}.Release|Any CPU.ActiveCfg = Release|Any CPU
		{2051261E-4948-4F15-9AEF-776F8FBCB199}.Release|Any CPU.Build.0 = Release|Any CPU
		{2051261E-4948-4F15-9AEF-776F8FBCB199}.Release|x64.ActiveCfg = Release|Any CPU
		{2051261E-4948-4F15-9AEF-776F8FBCB199}.Release|x64.Build.0 = Release|Any CPU
		{2051261E-4948-4F15-9AEF-776F8FBCB199}.Release|x86.ActiveCfg = Release|Any CPU
		{2051261E-4948-4F15-9AEF-776F8FBCB199}.Release|x86.Build.0 = Release|Any CPU
		{38A83618-D202-4159-8A99-C6E034FFDF1C}.Debug|Any CPU.ActiveCfg = Debug|Any CPU
		{38A83618-D202-4159-8A99-C6E034FFDF1C}.Debug|Any CPU.Build.0 = Debug|Any CPU
		{38A83618-D202-4159-8A99-C6E034FFDF1C}.Debug|x64.ActiveCfg = Debug|Any CPU
		{38A83618-D202-4159-8A99-C6E034FFDF1C}.Debug|x64.Build.0 = Debug|Any CPU
		{38A83618-D202-4159-8A99-C6E034FFDF1C}.Debug|x86.ActiveCfg = Debug|Any CPU
		{38A83618-D202-4159-8A99-C6E034FFDF1C}.Debug|x86.Build.0 = Debug|Any CPU
		{38A83618-D202-4159-8A99-C6E034FFDF1C}.NoVariablesDefault|Any CPU.ActiveCfg = Debug|Any CPU
		{38A83618-D202-4159-8A99-C6E034FFDF1C}.NoVariablesDefault|Any CPU.Build.0 = Debug|Any CPU
		{38A83618-D202-4159-8A99-C6E034FFDF1C}.NoVariablesDefault|x64.ActiveCfg = Debug|Any CPU
		{38A83618-D202-4159-8A99-C6E034FFDF1C}.NoVariablesDefault|x64.Build.0 = Debug|Any CPU
		{38A83618-D202-4159-8A99-C6E034FFDF1C}.NoVariablesDefault|x86.ActiveCfg = Debug|Any CPU
		{38A83618-D202-4159-8A99-C6E034FFDF1C}.NoVariablesDefault|x86.Build.0 = Debug|Any CPU
		{38A83618-D202-4159-8A99-C6E034FFDF1C}.Release|Any CPU.ActiveCfg = Release|Any CPU
		{38A83618-D202-4159-8A99-C6E034FFDF1C}.Release|Any CPU.Build.0 = Release|Any CPU
		{38A83618-D202-4159-8A99-C6E034FFDF1C}.Release|x64.ActiveCfg = Release|Any CPU
		{38A83618-D202-4159-8A99-C6E034FFDF1C}.Release|x64.Build.0 = Release|Any CPU
		{38A83618-D202-4159-8A99-C6E034FFDF1C}.Release|x86.ActiveCfg = Release|Any CPU
		{38A83618-D202-4159-8A99-C6E034FFDF1C}.Release|x86.Build.0 = Release|Any CPU
		{131D7D04-28DA-40F7-9580-EB8A1E010E1B}.Debug|Any CPU.ActiveCfg = NoVariablesDefault
		{131D7D04-28DA-40F7-9580-EB8A1E010E1B}.Debug|Any CPU.Build.0 = NoVariablesDefault
		{131D7D04-28DA-40F7-9580-EB8A1E010E1B}.Debug|x64.ActiveCfg = NoVariablesDefault
		{131D7D04-28DA-40F7-9580-EB8A1E010E1B}.Debug|x64.Build.0 = NoVariablesDefault
		{131D7D04-28DA-40F7-9580-EB8A1E010E1B}.Debug|x86.ActiveCfg = NoVariablesDefault
		{131D7D04-28DA-40F7-9580-EB8A1E010E1B}.Debug|x86.Build.0 = NoVariablesDefault
		{131D7D04-28DA-40F7-9580-EB8A1E010E1B}.NoVariablesDefault|Any CPU.ActiveCfg = NoVariablesDefault
		{131D7D04-28DA-40F7-9580-EB8A1E010E1B}.NoVariablesDefault|Any CPU.Build.0 = NoVariablesDefault
		{131D7D04-28DA-40F7-9580-EB8A1E010E1B}.NoVariablesDefault|x64.ActiveCfg = NoVariablesDefault
		{131D7D04-28DA-40F7-9580-EB8A1E010E1B}.NoVariablesDefault|x64.Build.0 = NoVariablesDefault
		{131D7D04-28DA-40F7-9580-EB8A1E010E1B}.NoVariablesDefault|x86.ActiveCfg = NoVariablesDefault
		{131D7D04-28DA-40F7-9580-EB8A1E010E1B}.NoVariablesDefault|x86.Build.0 = NoVariablesDefault
		{131D7D04-28DA-40F7-9580-EB8A1E010E1B}.Release|Any CPU.ActiveCfg = NoVariablesDefault
		{131D7D04-28DA-40F7-9580-EB8A1E010E1B}.Release|Any CPU.Build.0 = NoVariablesDefault
		{131D7D04-28DA-40F7-9580-EB8A1E010E1B}.Release|x64.ActiveCfg = NoVariablesDefault
		{131D7D04-28DA-40F7-9580-EB8A1E010E1B}.Release|x64.Build.0 = NoVariablesDefault
		{131D7D04-28DA-40F7-9580-EB8A1E010E1B}.Release|x86.ActiveCfg = NoVariablesDefault
		{131D7D04-28DA-40F7-9580-EB8A1E010E1B}.Release|x86.Build.0 = NoVariablesDefault
	EndGlobalSection
	GlobalSection(SolutionProperties) = preSolution
		HideSolutionNode = FALSE
	EndGlobalSection
	GlobalSection(ExtensibilityGlobals) = postSolution
		SolutionGuid = {B9718056-B04A-4CE8-AF0D-EAF9D5BFF39C}
	EndGlobalSection
EndGlobal
